
Microsoft Visual Studio Solution File, Format Version 12.00
# Visual Studio Version 17
VisualStudioVersion = 17.10.34928.147
MinimumVisualStudioVersion = 10.0.40219.1
Project("{9A19103F-16F7-4668-BE54-9A1E7A4F7556}") = "Logger.Serilog.ConsoleAndFile.WebAPI", "Logger.Serilog.ConsoleAndFile.WebAPI\Logger.Serilog.ConsoleAndFile.WebAPI.csproj", "{F283C636-73B2-4F91-BEA2-07D23707390E}"
EndProject
Project("{9A19103F-16F7-4668-BE54-9A1E7A4F7556}") = "Logger.Serilog.AzureApplicationInsight.WebAPI", "Logger.Serilog.AzureApplicationInsight.WebAPI\Logger.Serilog.AzureApplicationInsight.WebAPI.csproj", "{05A5247A-B594-47E9-8B5F-7092FB23DACE}"
EndProject
Project("{9A19103F-16F7-4668-BE54-9A1E7A4F7556}") = "Logger.AzureApplicationInsight.WebAPI", "Logger.AzureApplicationInsight.WebAPI\Logger.AzureApplicationInsight.WebAPI.csproj", "{02E717DB-2400-465E-AE96-DB50AA3F06C3}"
EndProject
Project("{9A19103F-16F7-4668-BE54-9A1E7A4F7556}") = "Logger.BuiltInProvider.WebAPI", "Logger.BuiltInProvider.WebAPI\Logger.BuiltInProvider.WebAPI.csproj", "{8B61D3FC-D54D-4D88-AC1B-7A495191CB90}"
EndProject
Project("{9A19103F-16F7-4668-BE54-9A1E7A4F7556}") = "Logger.AzureApplicationInsight.ConsoleApp", "Logger.AzureApplicationInsight.ConsoleApp\Logger.AzureApplicationInsight.ConsoleApp.csproj", "{41178E88-E1CF-408B-8DB6-7B561BFE3073}"
EndProject
Project("{9A19103F-16F7-4668-BE54-9A1E7A4F7556}") = "Logger.AzureApplicationInsight.WebAppClientSide", "Logger.AzureApplicationInsight.WebAppClientSide\Logger.AzureApplicationInsight.WebAppClientSide.csproj", "{0159A30F-2F28-4862-BF93-84B3DC70AE76}"
EndProject
Project("{9A19103F-16F7-4668-BE54-9A1E7A4F7556}") = "Logger.HTTPlogging.WebAPI", "Logger.HTTPlogging.WebAPI\Logger.HTTPlogging.WebAPI.csproj", "{4CDC9F9B-1020-4D47-B2DC-D65C6C872AA9}"
EndProject
Project("{FAE04EC0-301F-11D3-BF4B-00C04F79EFBC}") = "Logger.AzureApplicationInsight.UsageMonitor.WebApp", "Logger.AzureApplicationInsight.UsageMonitor.WebApp\Logger.AzureApplicationInsight.UsageMonitor.WebApp.csproj", "{D66F5015-1DF2-4C8A-978F-3DDA506E2B29}"
EndProject
Global
	GlobalSection(SolutionConfigurationPlatforms) = preSolution
		Debug|Any CPU = Debug|Any CPU
		Release|Any CPU = Release|Any CPU
	EndGlobalSection
	GlobalSection(ProjectConfigurationPlatforms) = postSolution
		{F283C636-73B2-4F91-BEA2-07D23707390E}.Debug|Any CPU.ActiveCfg = Debug|Any CPU
		{F283C636-73B2-4F91-BEA2-07D23707390E}.Debug|Any CPU.Build.0 = Debug|Any CPU
		{F283C636-73B2-4F91-BEA2-07D23707390E}.Release|Any CPU.ActiveCfg = Release|Any CPU
		{F283C636-73B2-4F91-BEA2-07D23707390E}.Release|Any CPU.Build.0 = Release|Any CPU
		{05A5247A-B594-47E9-8B5F-7092FB23DACE}.Debug|Any CPU.ActiveCfg = Debug|Any CPU
		{05A5247A-B594-47E9-8B5F-7092FB23DACE}.Debug|Any CPU.Build.0 = Debug|Any CPU
		{05A5247A-B594-47E9-8B5F-7092FB23DACE}.Release|Any CPU.ActiveCfg = Release|Any CPU
		{05A5247A-B594-47E9-8B5F-7092FB23DACE}.Release|Any CPU.Build.0 = Release|Any CPU
		{02E717DB-2400-465E-AE96-DB50AA3F06C3}.Debug|Any CPU.ActiveCfg = Debug|Any CPU
		{02E717DB-2400-465E-AE96-DB50AA3F06C3}.Debug|Any CPU.Build.0 = Debug|Any CPU
		{02E717DB-2400-465E-AE96-DB50AA3F06C3}.Release|Any CPU.ActiveCfg = Release|Any CPU
		{02E717DB-2400-465E-AE96-DB50AA3F06C3}.Release|Any CPU.Build.0 = Release|Any CPU
		{8B61D3FC-D54D-4D88-AC1B-7A495191CB90}.Debug|Any CPU.ActiveCfg = Debug|Any CPU
		{8B61D3FC-D54D-4D88-AC1B-7A495191CB90}.Debug|Any CPU.Build.0 = Debug|Any CPU
		{8B61D3FC-D54D-4D88-AC1B-7A495191CB90}.Release|Any CPU.ActiveCfg = Release|Any CPU
		{8B61D3FC-D54D-4D88-AC1B-7A495191CB90}.Release|Any CPU.Build.0 = Release|Any CPU
		{41178E88-E1CF-408B-8DB6-7B561BFE3073}.Debug|Any CPU.ActiveCfg = Debug|Any CPU
		{41178E88-E1CF-408B-8DB6-7B561BFE3073}.Debug|Any CPU.Build.0 = Debug|Any CPU
		{41178E88-E1CF-408B-8DB6-7B561BFE3073}.Release|Any CPU.ActiveCfg = Release|Any CPU
		{41178E88-E1CF-408B-8DB6-7B561BFE3073}.Release|Any CPU.Build.0 = Release|Any CPU
		{0159A30F-2F28-4862-BF93-84B3DC70AE76}.Debug|Any CPU.ActiveCfg = Debug|Any CPU
		{0159A30F-2F28-4862-BF93-84B3DC70AE76}.Debug|Any CPU.Build.0 = Debug|Any CPU
		{0159A30F-2F28-4862-BF93-84B3DC70AE76}.Release|Any CPU.ActiveCfg = Release|Any CPU
		{0159A30F-2F28-4862-BF93-84B3DC70AE76}.Release|Any CPU.Build.0 = Release|Any CPU
		{4CDC9F9B-1020-4D47-B2DC-D65C6C872AA9}.Debug|Any CPU.ActiveCfg = Debug|Any CPU
		{4CDC9F9B-1020-4D47-B2DC-D65C6C872AA9}.Debug|Any CPU.Build.0 = Debug|Any CPU
		{4CDC9F9B-1020-4D47-B2DC-D65C6C872AA9}.Release|Any CPU.ActiveCfg = Release|Any CPU
		{4CDC9F9B-1020-4D47-B2DC-D65C6C872AA9}.Release|Any CPU.Build.0 = Release|Any CPU
		{D66F5015-1DF2-4C8A-978F-3DDA506E2B29}.Debug|Any CPU.ActiveCfg = Debug|Any CPU
		{D66F5015-1DF2-4C8A-978F-3DDA506E2B29}.Debug|Any CPU.Build.0 = Debug|Any CPU
		{D66F5015-1DF2-4C8A-978F-3DDA506E2B29}.Release|Any CPU.ActiveCfg = Release|Any CPU
		{D66F5015-1DF2-4C8A-978F-3DDA506E2B29}.Release|Any CPU.Build.0 = Release|Any CPU
	EndGlobalSection
	GlobalSection(SolutionProperties) = preSolution
		HideSolutionNode = FALSE
	EndGlobalSection
	GlobalSection(ExtensibilityGlobals) = postSolution
		SolutionGuid = {9ED47B0A-4714-47B6-B842-2D1B4126502B}
	EndGlobalSection
EndGlobal
