
Microsoft Visual Studio Solution File, Format Version 12.00
# Visual Studio Version 17
VisualStudioVersion = 17.10.34928.147
MinimumVisualStudioVersion = 10.0.40219.1
Project("{FAE04EC0-301F-11D3-BF4B-00C04F79EFBC}") = "Logger.Serilog.ConsoleAndFile.WebAPI", "Logger.Serilog.ConsoleAndFile.WebAPI\Logger.Serilog.ConsoleAndFile.WebAPI.csproj", "{F283C636-73B2-4F91-BEA2-07D23707390E}"
EndProject
Project("{FAE04EC0-301F-11D3-BF4B-00C04F79EFBC}") = "Logger.Serilog.AzureApplicationInsight.WebAPI", "Logger.Serilog.AzureApplicationInsight.WebAPI\Logger.Serilog.AzureApplicationInsight.WebAPI.csproj", "{05A5247A-B594-47E9-8B5F-7092FB23DACE}"
EndProject
Global
	GlobalSection(SolutionConfigurationPlatforms) = preSolution
		Debug|Any CPU = Debug|Any CPU
		Release|Any CPU = Release|Any CPU
	EndGlobalSection
	GlobalSection(ProjectConfigurationPlatforms) = postSolution
		{F283C636-73B2-4F91-BEA2-07D23707390E}.Debug|Any CPU.ActiveCfg = Debug|Any CPU
		{F283C636-73B2-4F91-BEA2-07D23707390E}.Debug|Any CPU.Build.0 = Debug|Any CPU
		{F283C636-73B2-4F91-BEA2-07D23707390E}.Release|Any CPU.ActiveCfg = Release|Any CPU
		{F283C636-73B2-4F91-BEA2-07D23707390E}.Release|Any CPU.Build.0 = Release|Any CPU
		{05A5247A-B594-47E9-8B5F-7092FB23DACE}.Debug|Any CPU.ActiveCfg = Debug|Any CPU
		{05A5247A-B594-47E9-8B5F-7092FB23DACE}.Debug|Any CPU.Build.0 = Debug|Any CPU
		{05A5247A-B594-47E9-8B5F-7092FB23DACE}.Release|Any CPU.ActiveCfg = Release|Any CPU
		{05A5247A-B594-47E9-8B5F-7092FB23DACE}.Release|Any CPU.Build.0 = Release|Any CPU
	EndGlobalSection
	GlobalSection(SolutionProperties) = preSolution
		HideSolutionNode = FALSE
	EndGlobalSection
	GlobalSection(ExtensibilityGlobals) = postSolution
		SolutionGuid = {9ED47B0A-4714-47B6-B842-2D1B4126502B}
	EndGlobalSection
EndGlobal
